
Microsoft Visual Studio Solution File, Format Version 12.00
# Visual Studio Version 17
VisualStudioVersion = 17.5.33424.131
MinimumVisualStudioVersion = 10.0.40219.1
Project("{FAE04EC0-301F-11D3-BF4B-00C04F79EFBC}") = "Tamagotchi", "Tamagotchi\Tamagotchi.csproj", "{15B0C4A7-45A9-4511-A65C-E0228F43D336}"
EndProject
Global
	GlobalSection(SolutionConfigurationPlatforms) = preSolution
		Debug|Any CPU = Debug|Any CPU
		Release|Any CPU = Release|Any CPU
	EndGlobalSection
	GlobalSection(ProjectConfigurationPlatforms) = postSolution
		{15B0C4A7-45A9-4511-A65C-E0228F43D336}.Debug|Any CPU.ActiveCfg = Debug|Any CPU
		{15B0C4A7-45A9-4511-A65C-E0228F43D336}.Debug|Any CPU.Build.0 = Debug|Any CPU
		{15B0C4A7-45A9-4511-A65C-E0228F43D336}.Release|Any CPU.ActiveCfg = Release|Any CPU
		{15B0C4A7-45A9-4511-A65C-E0228F43D336}.Release|Any CPU.Build.0 = Release|Any CPU
	EndGlobalSection
	GlobalSection(SolutionProperties) = preSolution
		HideSolutionNode = FALSE
	EndGlobalSection
	GlobalSection(ExtensibilityGlobals) = postSolution
		SolutionGuid = {83EC0D7F-2918-4CB2-99A6-FF135591147D}
	EndGlobalSection
EndGlobal
